
Microsoft Visual Studio Solution File, Format Version 12.00
# Visual Studio Version 17
VisualStudioVersion = 17.0.31903.59
MinimumVisualStudioVersion = 10.0.40219.1
Project("{FAE04EC0-301F-11D3-BF4B-00C04F79EFBC}") = "Discord Report Bot", "Discord Report Bot\Discord Report Bot.csproj", "{72B1CAEF-907F-4A8B-A7A7-66F86DCF264F}"
EndProject
Global
	GlobalSection(SolutionConfigurationPlatforms) = preSolution
		Debug|Any CPU = Debug|Any CPU
		Release|Any CPU = Release|Any CPU
	EndGlobalSection
	GlobalSection(ProjectConfigurationPlatforms) = postSolution
		{72B1CAEF-907F-4A8B-A7A7-66F86DCF264F}.Debug|Any CPU.ActiveCfg = Debug|Any CPU
		{72B1CAEF-907F-4A8B-A7A7-66F86DCF264F}.Debug|Any CPU.Build.0 = Debug|Any CPU
		{72B1CAEF-907F-4A8B-A7A7-66F86DCF264F}.Release|Any CPU.ActiveCfg = Release|Any CPU
		{72B1CAEF-907F-4A8B-A7A7-66F86DCF264F}.Release|Any CPU.Build.0 = Release|Any CPU
	EndGlobalSection
	GlobalSection(SolutionProperties) = preSolution
		HideSolutionNode = FALSE
	EndGlobalSection
	GlobalSection(ExtensibilityGlobals) = postSolution
		SolutionGuid = {1859B404-4893-44B2-9DD4-BC346957C94F}
	EndGlobalSection
EndGlobal
